
Microsoft Visual Studio Solution File, Format Version 12.00
# Visual Studio Version 17
VisualStudioVersion = 17.11.35303.130
MinimumVisualStudioVersion = 10.0.40219.1
Project("{2150E333-8FDC-42A3-9474-1A3956D46DE8}") = "Task0", "Task0", "{CA25395B-6B0D-4983-B78B-C7D70B7E01F2}"
EndProject
Project("{FAE04EC0-301F-11D3-BF4B-00C04F79EFBC}") = "Tyuiu.KhvorykhVA.Sprint1.Task0.V14", "Tyuiu.KhvorykhVA.Sprint1.Task0.V14\Tyuiu.KhvorykhVA.Sprint1.Task0.V14.csproj", "{9592E48D-CF72-4C1F-A96B-BEFD3795EB20}"
EndProject
Project("{FAE04EC0-301F-11D3-BF4B-00C04F79EFBC}") = "Tyuiu.KhvorykhVA.Sprint1.Task0.V14.Lib", "Tyuiu.KhvorykhVA.Sprint1.Task0.V14.Lib\Tyuiu.KhvorykhVA.Sprint1.Task0.V14.Lib.csproj", "{653F56B6-F888-4B6F-994F-FDA39877ECB1}"
EndProject
Project("{FAE04EC0-301F-11D3-BF4B-00C04F79EFBC}") = "Tyuiu.KhvorykhVA.Sprint1.Task0.V14.Test", "Tyuiu.KhvorykhVA.Sprint1.Task0.V14.Test\Tyuiu.KhvorykhVA.Sprint1.Task0.V14.Test.csproj", "{86786005-15AD-4CB3-8C79-44698B103F6C}"
EndProject
Project("{2150E333-8FDC-42A3-9474-1A3956D46DE8}") = "Task1", "Task1", "{9121B0FC-3E0E-4823-B737-DE740E96B823}"
EndProject
Project("{FAE04EC0-301F-11D3-BF4B-00C04F79EFBC}") = "Tyuiu.KhvorykhVA.Sprint1.Task1.V30", "Tyuiu.KhvorykhVA.Sprint1.Task1.V30\Tyuiu.KhvorykhVA.Sprint1.Task1.V30.csproj", "{1A1936A8-9368-4DF9-9CCB-ACE295DE0FE8}"
EndProject
Project("{FAE04EC0-301F-11D3-BF4B-00C04F79EFBC}") = "Tyuiu.KhvorykhVA.Sprint1.Task1.V30.Lib", "Tyuiu.KhvorykhVA.Sprint1.Task1.V30.Lib\Tyuiu.KhvorykhVA.Sprint1.Task1.V30.Lib.csproj", "{4648F9CC-D2EF-4F61-B566-38FE6D5E5066}"
EndProject
Project("{FAE04EC0-301F-11D3-BF4B-00C04F79EFBC}") = "Tyuiu.KhvorykhVA.Sprint1.Task1.V30.Test", "Tyuiu.KhvorykhVA.Sprint1.Task1.V30.Test\Tyuiu.KhvorykhVA.Sprint1.Task1.V30.Test.csproj", "{9052CFEA-675A-4C83-A878-96BAFE178674}"
EndProject
Global
	GlobalSection(SolutionConfigurationPlatforms) = preSolution
		Debug|Any CPU = Debug|Any CPU
		Release|Any CPU = Release|Any CPU
	EndGlobalSection
	GlobalSection(ProjectConfigurationPlatforms) = postSolution
		{9592E48D-CF72-4C1F-A96B-BEFD3795EB20}.Debug|Any CPU.ActiveCfg = Debug|Any CPU
		{9592E48D-CF72-4C1F-A96B-BEFD3795EB20}.Debug|Any CPU.Build.0 = Debug|Any CPU
		{9592E48D-CF72-4C1F-A96B-BEFD3795EB20}.Release|Any CPU.ActiveCfg = Release|Any CPU
		{9592E48D-CF72-4C1F-A96B-BEFD3795EB20}.Release|Any CPU.Build.0 = Release|Any CPU
		{653F56B6-F888-4B6F-994F-FDA39877ECB1}.Debug|Any CPU.ActiveCfg = Debug|Any CPU
		{653F56B6-F888-4B6F-994F-FDA39877ECB1}.Debug|Any CPU.Build.0 = Debug|Any CPU
		{653F56B6-F888-4B6F-994F-FDA39877ECB1}.Release|Any CPU.ActiveCfg = Release|Any CPU
		{653F56B6-F888-4B6F-994F-FDA39877ECB1}.Release|Any CPU.Build.0 = Release|Any CPU
		{86786005-15AD-4CB3-8C79-44698B103F6C}.Debug|Any CPU.ActiveCfg = Debug|Any CPU
		{86786005-15AD-4CB3-8C79-44698B103F6C}.Debug|Any CPU.Build.0 = Debug|Any CPU
		{86786005-15AD-4CB3-8C79-44698B103F6C}.Release|Any CPU.ActiveCfg = Release|Any CPU
		{86786005-15AD-4CB3-8C79-44698B103F6C}.Release|Any CPU.Build.0 = Release|Any CPU
		{1A1936A8-9368-4DF9-9CCB-ACE295DE0FE8}.Debug|Any CPU.ActiveCfg = Debug|Any CPU
		{1A1936A8-9368-4DF9-9CCB-ACE295DE0FE8}.Debug|Any CPU.Build.0 = Debug|Any CPU
		{1A1936A8-9368-4DF9-9CCB-ACE295DE0FE8}.Release|Any CPU.ActiveCfg = Release|Any CPU
		{1A1936A8-9368-4DF9-9CCB-ACE295DE0FE8}.Release|Any CPU.Build.0 = Release|Any CPU
		{4648F9CC-D2EF-4F61-B566-38FE6D5E5066}.Debug|Any CPU.ActiveCfg = Debug|Any CPU
		{4648F9CC-D2EF-4F61-B566-38FE6D5E5066}.Debug|Any CPU.Build.0 = Debug|Any CPU
		{4648F9CC-D2EF-4F61-B566-38FE6D5E5066}.Release|Any CPU.ActiveCfg = Release|Any CPU
		{4648F9CC-D2EF-4F61-B566-38FE6D5E5066}.Release|Any CPU.Build.0 = Release|Any CPU
		{9052CFEA-675A-4C83-A878-96BAFE178674}.Debug|Any CPU.ActiveCfg = Debug|Any CPU
		{9052CFEA-675A-4C83-A878-96BAFE178674}.Debug|Any CPU.Build.0 = Debug|Any CPU
		{9052CFEA-675A-4C83-A878-96BAFE178674}.Release|Any CPU.ActiveCfg = Release|Any CPU
		{9052CFEA-675A-4C83-A878-96BAFE178674}.Release|Any CPU.Build.0 = Release|Any CPU
	EndGlobalSection
	GlobalSection(SolutionProperties) = preSolution
		HideSolutionNode = FALSE
	EndGlobalSection
	GlobalSection(NestedProjects) = preSolution
		{9592E48D-CF72-4C1F-A96B-BEFD3795EB20} = {CA25395B-6B0D-4983-B78B-C7D70B7E01F2}
		{653F56B6-F888-4B6F-994F-FDA39877ECB1} = {CA25395B-6B0D-4983-B78B-C7D70B7E01F2}
		{86786005-15AD-4CB3-8C79-44698B103F6C} = {CA25395B-6B0D-4983-B78B-C7D70B7E01F2}
		{1A1936A8-9368-4DF9-9CCB-ACE295DE0FE8} = {9121B0FC-3E0E-4823-B737-DE740E96B823}
		{4648F9CC-D2EF-4F61-B566-38FE6D5E5066} = {9121B0FC-3E0E-4823-B737-DE740E96B823}
		{9052CFEA-675A-4C83-A878-96BAFE178674} = {9121B0FC-3E0E-4823-B737-DE740E96B823}
	EndGlobalSection
	GlobalSection(ExtensibilityGlobals) = postSolution
		SolutionGuid = {64CDD57E-73F5-4F28-8A9C-BEF566B29154}
	EndGlobalSection
EndGlobal
